
Microsoft Visual Studio Solution File, Format Version 12.00
# Visual Studio Version 17
VisualStudioVersion = 17.0.31903.59
MinimumVisualStudioVersion = 10.0.40219.1
Project("{FAE04EC0-301F-11D3-BF4B-00C04F79EFBC}") = "ResumeProject", "ResumeProject\ResumeProject.csproj", "{FAC9FBFF-DF02-481C-9351-87BFE2CF2E82}"
EndProject
Global
	GlobalSection(SolutionConfigurationPlatforms) = preSolution
		Debug|Any CPU = Debug|Any CPU
		Release|Any CPU = Release|Any CPU
	EndGlobalSection
	GlobalSection(ProjectConfigurationPlatforms) = postSolution
		{FAC9FBFF-DF02-481C-9351-87BFE2CF2E82}.Debug|Any CPU.ActiveCfg = Debug|Any CPU
		{FAC9FBFF-DF02-481C-9351-87BFE2CF2E82}.Debug|Any CPU.Build.0 = Debug|Any CPU
		{FAC9FBFF-DF02-481C-9351-87BFE2CF2E82}.Release|Any CPU.ActiveCfg = Release|Any CPU
		{FAC9FBFF-DF02-481C-9351-87BFE2CF2E82}.Release|Any CPU.Build.0 = Release|Any CPU
	EndGlobalSection
	GlobalSection(SolutionProperties) = preSolution
		HideSolutionNode = FALSE
	EndGlobalSection
EndGlobal
